{
  "nodes": {
    "flake-compat": {
      "flake": false,
      "locked": {
        "lastModified": 1733328505,
        "narHash": "sha256-NeCCThCEP3eCl2l/+27kNNK7QrwZB1IJCrXfrbv5oqU=",
        "owner": "edolstra",
        "repo": "flake-compat",
        "rev": "ff81ac966bb2cae68946d5ed5fc4994f96d0ffec",
        "type": "github"
      },
      "original": {
        "owner": "edolstra",
        "repo": "flake-compat",
        "type": "github"
      }
    },
    "flake-utils": {
      "inputs": {
        "systems": "systems"
      },
      "locked": {
        "lastModified": 1731533236,
        "narHash": "sha256-l0KFg5HjrsfsO/JpG+r7fRrqm12kzFHyUHqHCVpMMbI=",
        "owner": "numtide",
        "repo": "flake-utils",
        "rev": "11707dc2f618dd54ca8739b309ec4fc024de578b",
        "type": "github"
      },
      "original": {
        "owner": "numtide",
        "repo": "flake-utils",
        "type": "github"
      }
    },
    "ghostty": {
      "inputs": {
        "flake-compat": "flake-compat",
        "flake-utils": "flake-utils",
        "nixpkgs-stable": "nixpkgs-stable",
        "nixpkgs-unstable": "nixpkgs-unstable",
        "zig": "zig",
        "zig2nix": "zig2nix"
      },
      "locked": {
        "lastModified": 1741594465,
        "narHash": "sha256-8a/QIgNwV8VGn8JIiACmVVEdue+U3juiMSAO1DEUTC4=",
        "owner": "ghostty-org",
        "repo": "ghostty",
        "rev": "95daca616db5c24d7bb37fd5a3ac2f8762bb4ead",
        "type": "github"
      },
      "original": {
        "owner": "ghostty-org",
        "repo": "ghostty",
        "type": "github"
      }
    },
    "home-manager": {
      "inputs": {
        "nixpkgs": [
          "nixpkgs"
        ]
      },
      "locked": {
        "lastModified": 1741701235,
        "narHash": "sha256-gBlb8R9gnjUAT5XabJeel3C2iEUiBHx3+91651y3Sqo=",
        "owner": "nix-community",
        "repo": "home-manager",
        "rev": "c630dfa8abcc65984cc1e47fb25d4552c81dd37e",
        "type": "github"
      },
      "original": {
        "owner": "nix-community",
        "repo": "home-manager",
        "type": "github"
      }
    },
    "nixos-hardware": {
      "locked": {
        "lastModified": 1741325094,
        "narHash": "sha256-RUAdT8dZ6k/486vnu3tiNRrNW6+Q8uSD2Mq7gTX4jlo=",
        "owner": "NixOS",
        "repo": "nixos-hardware",
        "rev": "b48cc4dab0f9711af296fc367b6108cf7b8ccb16",
        "type": "github"
      },
      "original": {
        "owner": "NixOS",
        "ref": "master",
        "repo": "nixos-hardware",
        "type": "github"
      }
    },
    "nixpkgs": {
      "locked": {
        "lastModified": 1741513245,
        "narHash": "sha256-7rTAMNTY1xoBwz0h7ZMtEcd8LELk9R5TzBPoHuhNSCk=",
        "owner": "nixos",
        "repo": "nixpkgs",
        "rev": "e3e32b642a31e6714ec1b712de8c91a3352ce7e1",
        "type": "github"
      },
      "original": {
        "owner": "nixos",
        "ref": "nixos-unstable",
        "repo": "nixpkgs",
        "type": "github"
      }
    },
    "nixpkgs-stable": {
      "locked": {
        "lastModified": 1738255539,
        "narHash": "sha256-hP2eOqhIO/OILW+3moNWO4GtdJFYCqAe9yJZgvlCoDQ=",
        "owner": "nixos",
        "repo": "nixpkgs",
        "rev": "c3511a3b53b482aa7547c9d1626fd7310c1de1c5",
        "type": "github"
      },
      "original": {
        "owner": "nixos",
        "ref": "release-24.11",
        "repo": "nixpkgs",
        "type": "github"
      }
    },
    "nixpkgs-unstable": {
      "locked": {
        "lastModified": 1738136902,
        "narHash": "sha256-pUvLijVGARw4u793APze3j6mU1Zwdtz7hGkGGkD87qw=",
        "owner": "nixos",
        "repo": "nixpkgs",
        "rev": "9a5db3142ce450045840cc8d832b13b8a2018e0c",
        "type": "github"
      },
      "original": {
        "owner": "nixos",
        "ref": "nixpkgs-unstable",
        "repo": "nixpkgs",
        "type": "github"
      }
    },
    "notes-script": {
      "inputs": {
        "nixpkgs": [
          "nixpkgs"
        ]
      },
      "locked": {
        "lastModified": 1721242094,
        "narHash": "sha256-TPkfI8duC4s6hVirQsVimC0b2TgNibAKN75IazAmrRw=",
        "owner": "cesarFuhr",
        "repo": "notes-script",
        "rev": "b14dafe87d32f1e8ed221ec7c73d16575176a636",
        "type": "github"
      },
      "original": {
        "owner": "cesarFuhr",
        "repo": "notes-script",
        "type": "github"
      }
    },
    "root": {
      "inputs": {
        "ghostty": "ghostty",
        "home-manager": "home-manager",
        "nixos-hardware": "nixos-hardware",
        "nixpkgs": "nixpkgs",
        "notes-script": "notes-script"
      }
    },
    "systems": {
      "locked": {
        "lastModified": 1681028828,
        "narHash": "sha256-Vy1rq5AaRuLzOxct8nz4T6wlgyUR7zLU309k9mBC768=",
        "owner": "nix-systems",
        "repo": "default",
        "rev": "da67096a3b9bf56a91d16901293e51ba5b49a27e",
        "type": "github"
      },
      "original": {
        "owner": "nix-systems",
        "repo": "default",
        "type": "github"
      }
    },
    "zig": {
      "inputs": {
        "flake-compat": [
          "ghostty"
        ],
        "flake-utils": [
          "ghostty",
          "flake-utils"
        ],
        "nixpkgs": [
          "ghostty",
          "nixpkgs-stable"
        ]
      },
      "locked": {
        "lastModified": 1738239110,
        "narHash": "sha256-Y5i9mQ++dyIQr+zEPNy+KIbc5wjPmfllBrag3cHZgcE=",
        "owner": "mitchellh",
        "repo": "zig-overlay",
        "rev": "1a8fb6f3a04724519436355564b95fce5e272504",
        "type": "github"
      },
      "original": {
        "owner": "mitchellh",
        "repo": "zig-overlay",
        "type": "github"
      }
    },
    "zig2nix": {
      "inputs": {
        "flake-utils": [
          "ghostty",
          "flake-utils"
        ],
        "nixpkgs": [
          "ghostty",
          "nixpkgs-stable"
        ]
      },
      "locked": {
        "lastModified": 1741368279,
        "narHash": "sha256-WTaC8HmnIq6O71iK0g9as404BbmS+YyEP5qS85m2JBY=",
        "owner": "jcollie",
        "repo": "zig2nix",
        "rev": "672971b5b6911de21446ad4fc76dee677922eda0",
        "type": "github"
      },
      "original": {
        "owner": "jcollie",
        "ref": "672971b5b6911de21446ad4fc76dee677922eda0",
        "repo": "zig2nix",
        "type": "github"
      }
    }
  },
  "root": "root",
  "version": 7
}
