{
  "nodes": {
    "home-manager": {
      "inputs": {
        "nixpkgs": [
          "nixpkgs"
        ]
      },
      "locked": {
        "lastModified": 1765823531,
        "narHash": "sha256-tyNJjd48hfgsyEfsq1Ueufg4oJv6b8xBA6NYRJrLPyg=",
        "owner": "nix-community",
        "repo": "home-manager",
        "rev": "8315c1544f383b791a3115c9959d1f27920e8320",
        "type": "github"
      },
      "original": {
        "owner": "nix-community",
        "repo": "home-manager",
        "type": "github"
      }
    },
    "nixpkgs": {
      "locked": {
        "lastModified": 1765472234,
        "narHash": "sha256-9VvC20PJPsleGMewwcWYKGzDIyjckEz8uWmT0vCDYK0=",
        "owner": "nixos",
        "repo": "nixpkgs",
        "rev": "2fbfb1d73d239d2402a8fe03963e37aab15abe8b",
        "type": "github"
      },
      "original": {
        "owner": "nixos",
        "ref": "nixos-unstable",
        "repo": "nixpkgs",
        "type": "github"
      }
    },
    "notes-script": {
      "inputs": {
        "nixpkgs": [
          "nixpkgs"
        ]
      },
      "locked": {
        "lastModified": 1721242094,
        "narHash": "sha256-TPkfI8duC4s6hVirQsVimC0b2TgNibAKN75IazAmrRw=",
        "owner": "cesarFuhr",
        "repo": "notes-script",
        "rev": "b14dafe87d32f1e8ed221ec7c73d16575176a636",
        "type": "github"
      },
      "original": {
        "owner": "cesarFuhr",
        "repo": "notes-script",
        "type": "github"
      }
    },
    "root": {
      "inputs": {
        "home-manager": "home-manager",
        "nixpkgs": "nixpkgs",
        "notes-script": "notes-script"
      }
    }
  },
  "root": "root",
  "version": 7
}
