{
  "nodes": {
    "home-manager": {
      "inputs": {
        "nixpkgs": [
          "nixpkgs"
        ]
      },
      "locked": {
        "lastModified": 1726985855,
        "narHash": "sha256-NJPGK030Y3qETpWBhj9oobDQRbXdXOPxtu+YgGvZ84o=",
        "owner": "nix-community",
        "repo": "home-manager",
        "rev": "04213d1ce4221f5d9b40bcee30706ce9a91d148d",
        "type": "github"
      },
      "original": {
        "owner": "nix-community",
        "repo": "home-manager",
        "type": "github"
      }
    },
    "nixpkgs": {
      "locked": {
        "lastModified": 1726937504,
        "narHash": "sha256-bvGoiQBvponpZh8ClUcmJ6QnsNKw0EMrCQJARK3bI1c=",
        "owner": "nixos",
        "repo": "nixpkgs",
        "rev": "9357f4f23713673f310988025d9dc261c20e70c6",
        "type": "github"
      },
      "original": {
        "owner": "nixos",
        "ref": "nixos-unstable",
        "repo": "nixpkgs",
        "type": "github"
      }
    },
    "notes-script": {
      "inputs": {
        "nixpkgs": [
          "nixpkgs"
        ]
      },
      "locked": {
        "lastModified": 1721242094,
        "narHash": "sha256-TPkfI8duC4s6hVirQsVimC0b2TgNibAKN75IazAmrRw=",
        "owner": "cesarFuhr",
        "repo": "notes-script",
        "rev": "b14dafe87d32f1e8ed221ec7c73d16575176a636",
        "type": "github"
      },
      "original": {
        "owner": "cesarFuhr",
        "repo": "notes-script",
        "type": "github"
      }
    },
    "root": {
      "inputs": {
        "home-manager": "home-manager",
        "nixpkgs": "nixpkgs",
        "notes-script": "notes-script"
      }
    }
  },
  "root": "root",
  "version": 7
}
